// !$*UTF8*$!
{
	archiveVersion = 1;
	classes = {
	};
	objectVersion = 46;
	objects = {

/* Begin PBXAggregateTarget section */
		234D451C1DFDA95300AD46D4 /* mogenerator */ = {
			isa = PBXAggregateTarget;
			buildConfigurationList = 234D451D1DFDA95300AD46D4 /* Build configuration list for PBXAggregateTarget "mogenerator" */;
			buildPhases = (
			);
			dependencies = (
			);
			name = mogenerator;
			productName = mogenerator;
		};
/* End PBXAggregateTarget section */

/* Begin PBXBuildFile section */
		234D45061DFD968C00AD46D4 /* AppDelegate.swift in Sources */ = {isa = PBXBuildFile; fileRef = 234D45051DFD968C00AD46D4 /* AppDelegate.swift */; };
		234D45081DFD968D00AD46D4 /* ViewController.swift in Sources */ = {isa = PBXBuildFile; fileRef = 234D45071DFD968D00AD46D4 /* ViewController.swift */; };
		234D450D1DFD968D00AD46D4 /* Assets.xcassets in Resources */ = {isa = PBXBuildFile; fileRef = 234D450C1DFD968D00AD46D4 /* Assets.xcassets */; };
		234D45101DFD968D00AD46D4 /* LaunchScreen.storyboard in Resources */ = {isa = PBXBuildFile; fileRef = 234D450E1DFD968D00AD46D4 /* LaunchScreen.storyboard */; };
		234D45181DFD9A9E00AD46D4 /* RestCountries.storyboard in Resources */ = {isa = PBXBuildFile; fileRef = 234D45171DFD9A9E00AD46D4 /* RestCountries.storyboard */; };
		234D451B1DFDA41000AD46D4 /* RestCountries.xcdatamodeld in Sources */ = {isa = PBXBuildFile; fileRef = 234D45191DFDA41000AD46D4 /* RestCountries.xcdatamodeld */; };
/* End PBXBuildFile section */

/* Begin PBXFileReference section */
		234D45021DFD968C00AD46D4 /* RestCountries.app */ = {isa = PBXFileReference; explicitFileType = wrapper.application; includeInIndex = 0; path = RestCountries.app; sourceTree = BUILT_PRODUCTS_DIR; };
		234D45051DFD968C00AD46D4 /* AppDelegate.swift */ = {isa = PBXFileReference; lastKnownFileType = sourcecode.swift; path = AppDelegate.swift; sourceTree = "<group>"; };
		234D45071DFD968D00AD46D4 /* ViewController.swift */ = {isa = PBXFileReference; lastKnownFileType = sourcecode.swift; path = ViewController.swift; sourceTree = "<group>"; };
		234D450C1DFD968D00AD46D4 /* Assets.xcassets */ = {isa = PBXFileReference; lastKnownFileType = folder.assetcatalog; path = Assets.xcassets; sourceTree = "<group>"; };
		234D450F1DFD968D00AD46D4 /* Base */ = {isa = PBXFileReference; lastKnownFileType = file.storyboard; name = Base; path = Base.lproj/LaunchScreen.storyboard; sourceTree = "<group>"; };
		234D45111DFD968D00AD46D4 /* Info.plist */ = {isa = PBXFileReference; lastKnownFileType = text.plist.xml; path = Info.plist; sourceTree = "<group>"; };
		234D45171DFD9A9E00AD46D4 /* RestCountries.storyboard */ = {isa = PBXFileReference; fileEncoding = 4; lastKnownFileType = file.storyboard; path = RestCountries.storyboard; sourceTree = "<group>"; };
		234D451A1DFDA41000AD46D4 /* RestCountries.xcdatamodel */ = {isa = PBXFileReference; lastKnownFileType = wrapper.xcdatamodel; path = RestCountries.xcdatamodel; sourceTree = "<group>"; };
/* End PBXFileReference section */

/* Begin PBXFrameworksBuildPhase section */
		234D44FF1DFD968C00AD46D4 /* Frameworks */ = {
			isa = PBXFrameworksBuildPhase;
			buildActionMask = 2147483647;
			files = (
			);
			runOnlyForDeploymentPostprocessing = 0;
		};
/* End PBXFrameworksBuildPhase section */

/* Begin PBXGroup section */
		234D44F91DFD968C00AD46D4 = {
			isa = PBXGroup;
			children = (
				234D45041DFD968C00AD46D4 /* RestCountries */,
				234D45031DFD968C00AD46D4 /* Products */,
			);
			sourceTree = "<group>";
		};
		234D45031DFD968C00AD46D4 /* Products */ = {
			isa = PBXGroup;
			children = (
				234D45021DFD968C00AD46D4 /* RestCountries.app */,
			);
			name = Products;
			sourceTree = "<group>";
		};
		234D45041DFD968C00AD46D4 /* RestCountries */ = {
			isa = PBXGroup;
			children = (
				234D45051DFD968C00AD46D4 /* AppDelegate.swift */,
				234D45171DFD9A9E00AD46D4 /* RestCountries.storyboard */,
				234D45071DFD968D00AD46D4 /* ViewController.swift */,
				234D450C1DFD968D00AD46D4 /* Assets.xcassets */,
				234D450E1DFD968D00AD46D4 /* LaunchScreen.storyboard */,
				234D45111DFD968D00AD46D4 /* Info.plist */,
				234D45191DFDA41000AD46D4 /* RestCountries.xcdatamodeld */,
			);
			path = RestCountries;
			sourceTree = "<group>";
		};
/* End PBXGroup section */

/* Begin PBXNativeTarget section */
		234D45011DFD968C00AD46D4 /* RestCountries */ = {
			isa = PBXNativeTarget;
			buildConfigurationList = 234D45141DFD968D00AD46D4 /* Build configuration list for PBXNativeTarget "RestCountries" */;
			buildPhases = (
				234D44FE1DFD968C00AD46D4 /* Sources */,
				234D44FF1DFD968C00AD46D4 /* Frameworks */,
				234D45001DFD968C00AD46D4 /* Resources */,
			);
			buildRules = (
			);
			dependencies = (
			);
			name = RestCountries;
			productName = RestCountries;
			productReference = 234D45021DFD968C00AD46D4 /* RestCountries.app */;
			productType = "com.apple.product-type.application";
		};
/* End PBXNativeTarget section */

/* Begin PBXProject section */
		234D44FA1DFD968C00AD46D4 /* Project object */ = {
			isa = PBXProject;
			attributes = {
				LastSwiftUpdateCheck = 0810;
				LastUpgradeCheck = 0810;
				ORGANIZATIONNAME = "Stefan Lazarevic";
				TargetAttributes = {
					234D45011DFD968C00AD46D4 = {
						CreatedOnToolsVersion = 8.1;
						ProvisioningStyle = Automatic;
					};
					234D451C1DFDA95300AD46D4 = {
						CreatedOnToolsVersion = 8.1;
						ProvisioningStyle = Automatic;
					};
				};
			};
			buildConfigurationList = 234D44FD1DFD968C00AD46D4 /* Build configuration list for PBXProject "RestCountries" */;
			compatibilityVersion = "Xcode 3.2";
			developmentRegion = English;
			hasScannedForEncodings = 0;
			knownRegions = (
				en,
				Base,
			);
			mainGroup = 234D44F91DFD968C00AD46D4;
			productRefGroup = 234D45031DFD968C00AD46D4 /* Products */;
			projectDirPath = "";
			projectRoot = "";
			targets = (
				234D45011DFD968C00AD46D4 /* RestCountries */,
				234D451C1DFDA95300AD46D4 /* mogenerator */,
			);
		};
/* End PBXProject section */

/* Begin PBXResourcesBuildPhase section */
		234D45001DFD968C00AD46D4 /* Resources */ = {
			isa = PBXResourcesBuildPhase;
			buildActionMask = 2147483647;
			files = (
				234D45181DFD9A9E00AD46D4 /* RestCountries.storyboard in Resources */,
				234D45101DFD968D00AD46D4 /* LaunchScreen.storyboard in Resources */,
				234D450D1DFD968D00AD46D4 /* Assets.xcassets in Resources */,
			);
			runOnlyForDeploymentPostprocessing = 0;
		};
/* End PBXResourcesBuildPhase section */

/* Begin PBXSourcesBuildPhase section */
		234D44FE1DFD968C00AD46D4 /* Sources */ = {
			isa = PBXSourcesBuildPhase;
			buildActionMask = 2147483647;
			files = (
				234D45081DFD968D00AD46D4 /* ViewController.swift in Sources */,
				234D451B1DFDA41000AD46D4 /* RestCountries.xcdatamodeld in Sources */,
				234D45061DFD968C00AD46D4 /* AppDelegate.swift in Sources */,
			);
			runOnlyForDeploymentPostprocessing = 0;
		};
/* End PBXSourcesBuildPhase section */

/* Begin PBXVariantGroup section */
		234D450E1DFD968D00AD46D4 /* LaunchScreen.storyboard */ = {
			isa = PBXVariantGroup;
			children = (
				234D450F1DFD968D00AD46D4 /* Base */,
			);
			name = LaunchScreen.storyboard;
			sourceTree = "<group>";
		};
/* End PBXVariantGroup section */

/* Begin XCBuildConfiguration section */
		234D45121DFD968D00AD46D4 /* Debug */ = {
			isa = XCBuildConfiguration;
			buildSettings = {
				ALWAYS_SEARCH_USER_PATHS = NO;
				CLANG_ANALYZER_NONNULL = YES;
				CLANG_CXX_LANGUAGE_STANDARD = "gnu++0x";
				CLANG_CXX_LIBRARY = "libc++";
				CLANG_ENABLE_MODULES = YES;
				CLANG_ENABLE_OBJC_ARC = YES;
				CLANG_WARN_BOOL_CONVERSION = YES;
				CLANG_WARN_CONSTANT_CONVERSION = YES;
				CLANG_WARN_DIRECT_OBJC_ISA_USAGE = YES_ERROR;
				CLANG_WARN_DOCUMENTATION_COMMENTS = YES;
				CLANG_WARN_EMPTY_BODY = YES;
				CLANG_WARN_ENUM_CONVERSION = YES;
				CLANG_WARN_INFINITE_RECURSION = YES;
				CLANG_WARN_INT_CONVERSION = YES;
				CLANG_WARN_OBJC_ROOT_CLASS = YES_ERROR;
				CLANG_WARN_SUSPICIOUS_MOVES = YES;
				CLANG_WARN_UNREACHABLE_CODE = YES;
				CLANG_WARN__DUPLICATE_METHOD_MATCH = YES;
				"CODE_SIGN_IDENTITY[sdk=iphoneos*]" = "iPhone Developer";
				COPY_PHASE_STRIP = NO;
				DEBUG_INFORMATION_FORMAT = dwarf;
				ENABLE_STRICT_OBJC_MSGSEND = YES;
				ENABLE_TESTABILITY = YES;
				GCC_C_LANGUAGE_STANDARD = gnu99;
				GCC_DYNAMIC_NO_PIC = NO;
				GCC_NO_COMMON_BLOCKS = YES;
				GCC_OPTIMIZATION_LEVEL = 0;
				GCC_PREPROCESSOR_DEFINITIONS = (
					"DEBUG=1",
					"$(inherited)",
				);
				GCC_WARN_64_TO_32_BIT_CONVERSION = YES;
				GCC_WARN_ABOUT_RETURN_TYPE = YES_ERROR;
				GCC_WARN_UNDECLARED_SELECTOR = YES;
				GCC_WARN_UNINITIALIZED_AUTOS = YES_AGGRESSIVE;
				GCC_WARN_UNUSED_FUNCTION = YES;
				GCC_WARN_UNUSED_VARIABLE = YES;
				IPHONEOS_DEPLOYMENT_TARGET = 10.1;
				MTL_ENABLE_DEBUG_INFO = YES;
				ONLY_ACTIVE_ARCH = YES;
				SDKROOT = iphoneos;
				SWIFT_ACTIVE_COMPILATION_CONDITIONS = DEBUG;
				SWIFT_OPTIMIZATION_LEVEL = "-Onone";
				TARGETED_DEVICE_FAMILY = "1,2";
			};
			name = Debug;
		};
		234D45131DFD968D00AD46D4 /* Release */ = {
			isa = XCBuildConfiguration;
			buildSettings = {
				ALWAYS_SEARCH_USER_PATHS = NO;
				CLANG_ANALYZER_NONNULL = YES;
				CLANG_CXX_LANGUAGE_STANDARD = "gnu++0x";
				CLANG_CXX_LIBRARY = "libc++";
				CLANG_ENABLE_MODULES = YES;
				CLANG_ENABLE_OBJC_ARC = YES;
				CLANG_WARN_BOOL_CONVERSION = YES;
				CLANG_WARN_CONSTANT_CONVERSION = YES;
				CLANG_WARN_DIRECT_OBJC_ISA_USAGE = YES_ERROR;
				CLANG_WARN_DOCUMENTATION_COMMENTS = YES;
				CLANG_WARN_EMPTY_BODY = YES;
				CLANG_WARN_ENUM_CONVERSION = YES;
				CLANG_WARN_INFINITE_RECURSION = YES;
				CLANG_WARN_INT_CONVERSION = YES;
				CLANG_WARN_OBJC_ROOT_CLASS = YES_ERROR;
				CLANG_WARN_SUSPICIOUS_MOVES = YES;
				CLANG_WARN_UNREACHABLE_CODE = YES;
				CLANG_WARN__DUPLICATE_METHOD_MATCH = YES;
				"CODE_SIGN_IDENTITY[sdk=iphoneos*]" = "iPhone Developer";
				COPY_PHASE_STRIP = NO;
				DEBUG_INFORMATION_FORMAT = "dwarf-with-dsym";
				ENABLE_NS_ASSERTIONS = NO;
				ENABLE_STRICT_OBJC_MSGSEND = YES;
				GCC_C_LANGUAGE_STANDARD = gnu99;
				GCC_NO_COMMON_BLOCKS = YES;
				GCC_WARN_64_TO_32_BIT_CONVERSION = YES;
				GCC_WARN_ABOUT_RETURN_TYPE = YES_ERROR;
				GCC_WARN_UNDECLARED_SELECTOR = YES;
				GCC_WARN_UNINITIALIZED_AUTOS = YES_AGGRESSIVE;
				GCC_WARN_UNUSED_FUNCTION = YES;
				GCC_WARN_UNUSED_VARIABLE = YES;
				IPHONEOS_DEPLOYMENT_TARGET = 10.1;
				MTL_ENABLE_DEBUG_INFO = NO;
				SDKROOT = iphoneos;
				SWIFT_OPTIMIZATION_LEVEL = "-Owholemodule";
				TARGETED_DEVICE_FAMILY = "1,2";
				VALIDATE_PRODUCT = YES;
			};
			name = Release;
		};
		234D45151DFD968D00AD46D4 /* Debug */ = {
			isa = XCBuildConfiguration;
			buildSettings = {
				ASSETCATALOG_COMPILER_APPICON_NAME = AppIcon;
				INFOPLIST_FILE = RestCountries/Info.plist;
				LD_RUNPATH_SEARCH_PATHS = "$(inherited) @executable_path/Frameworks";
				PRODUCT_BUNDLE_IDENTIFIER = me.stefanlazarevic.RestCountries;
				PRODUCT_NAME = "$(TARGET_NAME)";
				SWIFT_VERSION = 3.0;
			};
			name = Debug;
		};
		234D45161DFD968D00AD46D4 /* Release */ = {
			isa = XCBuildConfiguration;
			buildSettings = {
				ASSETCATALOG_COMPILER_APPICON_NAME = AppIcon;
				INFOPLIST_FILE = RestCountries/Info.plist;
				LD_RUNPATH_SEARCH_PATHS = "$(inherited) @executable_path/Frameworks";
				PRODUCT_BUNDLE_IDENTIFIER = me.stefanlazarevic.RestCountries;
				PRODUCT_NAME = "$(TARGET_NAME)";
				SWIFT_VERSION = 3.0;
			};
			name = Release;
		};
		234D451E1DFDA95300AD46D4 /* Debug */ = {
			isa = XCBuildConfiguration;
			buildSettings = {
				PRODUCT_NAME = "$(TARGET_NAME)";
			};
			name = Debug;
		};
		234D451F1DFDA95300AD46D4 /* Release */ = {
			isa = XCBuildConfiguration;
			buildSettings = {
				PRODUCT_NAME = "$(TARGET_NAME)";
			};
			name = Release;
		};
/* End XCBuildConfiguration section */

/* Begin XCConfigurationList section */
		234D44FD1DFD968C00AD46D4 /* Build configuration list for PBXProject "RestCountries" */ = {
			isa = XCConfigurationList;
			buildConfigurations = (
				234D45121DFD968D00AD46D4 /* Debug */,
				234D45131DFD968D00AD46D4 /* Release */,
			);
			defaultConfigurationIsVisible = 0;
			defaultConfigurationName = Release;
		};
		234D45141DFD968D00AD46D4 /* Build configuration list for PBXNativeTarget "RestCountries" */ = {
			isa = XCConfigurationList;
			buildConfigurations = (
				234D45151DFD968D00AD46D4 /* Debug */,
				234D45161DFD968D00AD46D4 /* Release */,
			);
			defaultConfigurationIsVisible = 0;
			defaultConfigurationName = Release;
		};
		234D451D1DFDA95300AD46D4 /* Build configuration list for PBXAggregateTarget "mogenerator" */ = {
			isa = XCConfigurationList;
			buildConfigurations = (
				234D451E1DFDA95300AD46D4 /* Debug */,
				234D451F1DFDA95300AD46D4 /* Release */,
			);
			defaultConfigurationIsVisible = 0;
		};
/* End XCConfigurationList section */

/* Begin XCVersionGroup section */
		234D45191DFDA41000AD46D4 /* RestCountries.xcdatamodeld */ = {
			isa = XCVersionGroup;
			children = (
				234D451A1DFDA41000AD46D4 /* RestCountries.xcdatamodel */,
			);
			currentVersion = 234D451A1DFDA41000AD46D4 /* RestCountries.xcdatamodel */;
			path = RestCountries.xcdatamodeld;
			sourceTree = "<group>";
			versionGroupType = wrapper.xcdatamodel;
		};
/* End XCVersionGroup section */
	};
	rootObject = 234D44FA1DFD968C00AD46D4 /* Project object */;
}
